
Microsoft Visual Studio Solution File, Format Version 12.00
# Visual Studio Version 16
VisualStudioVersion = 16.0.29709.97
MinimumVisualStudioVersion = 10.0.40219.1
Project("{FAE04EC0-301F-11D3-BF4B-00C04F79EFBC}") = "wpf_A_resource_static", "wpf_resource_static\wpf_A_resource_static.csproj", "{B6EA1070-3FC1-4A94-84EA-B1B3111189EF}"
EndProject
Project("{FAE04EC0-301F-11D3-BF4B-00C04F79EFBC}") = "wpf_B_resource_dynamique", "wpf_B_resource_static\wpf_B_resource_dynamique.csproj", "{B879148B-363B-41CF-AC77-EA9445DACB33}"
EndProject
Project("{FAE04EC0-301F-11D3-BF4B-00C04F79EFBC}") = "wpf_C_ressource_code_behind", "wpf_C_ressource_code_behind\wpf_C_ressource_code_behind.csproj", "{127D7EC2-81C9-4ADC-A3BE-AFDAF27F7138}"
EndProject
Project("{FAE04EC0-301F-11D3-BF4B-00C04F79EFBC}") = "wpf_D_ressource_dynamique", "wpf_D_ressource_dynamique\wpf_D_ressource_dynamique.csproj", "{D3782F5E-E729-4277-943E-926CA52B5FBF}"
EndProject
Project("{FAE04EC0-301F-11D3-BF4B-00C04F79EFBC}") = "wpf_E_ressource_dictionnaire", "wpf_E_ressource_dictionnaire\wpf_E_ressource_dictionnaire.csproj", "{E370111D-89E4-42B7-8B0C-3623FAD7DD6F}"
EndProject
Global
	GlobalSection(SolutionConfigurationPlatforms) = preSolution
		Debug|Any CPU = Debug|Any CPU
		Release|Any CPU = Release|Any CPU
	EndGlobalSection
	GlobalSection(ProjectConfigurationPlatforms) = postSolution
		{B6EA1070-3FC1-4A94-84EA-B1B3111189EF}.Debug|Any CPU.ActiveCfg = Debug|Any CPU
		{B6EA1070-3FC1-4A94-84EA-B1B3111189EF}.Debug|Any CPU.Build.0 = Debug|Any CPU
		{B6EA1070-3FC1-4A94-84EA-B1B3111189EF}.Release|Any CPU.ActiveCfg = Release|Any CPU
		{B6EA1070-3FC1-4A94-84EA-B1B3111189EF}.Release|Any CPU.Build.0 = Release|Any CPU
		{B879148B-363B-41CF-AC77-EA9445DACB33}.Debug|Any CPU.ActiveCfg = Debug|Any CPU
		{B879148B-363B-41CF-AC77-EA9445DACB33}.Debug|Any CPU.Build.0 = Debug|Any CPU
		{B879148B-363B-41CF-AC77-EA9445DACB33}.Release|Any CPU.ActiveCfg = Release|Any CPU
		{B879148B-363B-41CF-AC77-EA9445DACB33}.Release|Any CPU.Build.0 = Release|Any CPU
		{127D7EC2-81C9-4ADC-A3BE-AFDAF27F7138}.Debug|Any CPU.ActiveCfg = Debug|Any CPU
		{127D7EC2-81C9-4ADC-A3BE-AFDAF27F7138}.Debug|Any CPU.Build.0 = Debug|Any CPU
		{127D7EC2-81C9-4ADC-A3BE-AFDAF27F7138}.Release|Any CPU.ActiveCfg = Release|Any CPU
		{127D7EC2-81C9-4ADC-A3BE-AFDAF27F7138}.Release|Any CPU.Build.0 = Release|Any CPU
		{D3782F5E-E729-4277-943E-926CA52B5FBF}.Debug|Any CPU.ActiveCfg = Debug|Any CPU
		{D3782F5E-E729-4277-943E-926CA52B5FBF}.Debug|Any CPU.Build.0 = Debug|Any CPU
		{D3782F5E-E729-4277-943E-926CA52B5FBF}.Release|Any CPU.ActiveCfg = Release|Any CPU
		{D3782F5E-E729-4277-943E-926CA52B5FBF}.Release|Any CPU.Build.0 = Release|Any CPU
		{E370111D-89E4-42B7-8B0C-3623FAD7DD6F}.Debug|Any CPU.ActiveCfg = Debug|Any CPU
		{E370111D-89E4-42B7-8B0C-3623FAD7DD6F}.Debug|Any CPU.Build.0 = Debug|Any CPU
		{E370111D-89E4-42B7-8B0C-3623FAD7DD6F}.Release|Any CPU.ActiveCfg = Release|Any CPU
		{E370111D-89E4-42B7-8B0C-3623FAD7DD6F}.Release|Any CPU.Build.0 = Release|Any CPU
	EndGlobalSection
	GlobalSection(SolutionProperties) = preSolution
		HideSolutionNode = FALSE
	EndGlobalSection
	GlobalSection(ExtensibilityGlobals) = postSolution
		SolutionGuid = {828F3322-D63D-42F7-AD17-ED43DA5A1056}
	EndGlobalSection
EndGlobal
